// !$*UTF8*$!
{
	archiveVersion = 1;
	classes = {
	};
	objectVersion = 46;
	objects = {

/* Begin PBXBuildFile section */
		5678D31741CC48F5B93C4F35 /* libPods.a in Frameworks */ = {isa = PBXBuildFile; fileRef = CACABB68EAAE45D38A8F3AF4 /* libPods.a */; };
		B2C517B2F09E427380ECDC75 /* libPods.a in Frameworks */ = {isa = PBXBuildFile; fileRef = CACABB68EAAE45D38A8F3AF4 /* libPods.a */; };
		B941926D1565760D0074A059 /* Foundation.framework in Frameworks */ = {isa = PBXBuildFile; fileRef = B941926C1565760D0074A059 /* Foundation.framework */; };
		B941927B1565760D0074A059 /* SenTestingKit.framework in Frameworks */ = {isa = PBXBuildFile; fileRef = B941927A1565760D0074A059 /* SenTestingKit.framework */; };
		B941927D1565760D0074A059 /* UIKit.framework in Frameworks */ = {isa = PBXBuildFile; fileRef = B941927C1565760D0074A059 /* UIKit.framework */; };
		B941927E1565760D0074A059 /* Foundation.framework in Frameworks */ = {isa = PBXBuildFile; fileRef = B941926C1565760D0074A059 /* Foundation.framework */; };
		B94192871565760D0074A059 /* InfoPlist.strings in Resources */ = {isa = PBXBuildFile; fileRef = B94192851565760D0074A059 /* InfoPlist.strings */; };
		B94192B8156AAC5F0074A059 /* NLTQStandradGenSpec.m in Sources */ = {isa = PBXBuildFile; fileRef = B94192B7156AAC5F0074A059 /* NLTQStandradGenSpec.m */; };
		B94192BB156AAD370074A059 /* NLTQStandardGen.h in Headers */ = {isa = PBXBuildFile; fileRef = B94192B9156AAD370074A059 /* NLTQStandardGen.h */; };
		B94192BC156AAD370074A059 /* NLTQStandardGen.m in Sources */ = {isa = PBXBuildFile; fileRef = B94192BA156AAD370074A059 /* NLTQStandardGen.m */; };
		B94192BD156AAD370074A059 /* NLTQStandardGen.m in Sources */ = {isa = PBXBuildFile; fileRef = B94192BA156AAD370074A059 /* NLTQStandardGen.m */; };
		B94192D4156C05900074A059 /* NLTQGenSpec.m in Sources */ = {isa = PBXBuildFile; fileRef = B94192D2156C05900074A059 /* NLTQGenSpec.m */; };
		B94192D7156C05AB0074A059 /* NLTQGen.h in Headers */ = {isa = PBXBuildFile; fileRef = B94192D5156C05AB0074A059 /* NLTQGen.h */; };
		B94192D8156C05AB0074A059 /* NLTQGen.m in Sources */ = {isa = PBXBuildFile; fileRef = B94192D6156C05AB0074A059 /* NLTQGen.m */; };
		B94192D9156C05AB0074A059 /* NLTQGen.m in Sources */ = {isa = PBXBuildFile; fileRef = B94192D6156C05AB0074A059 /* NLTQGen.m */; };
		B94192E6156E95630074A059 /* NLTQGenCombinatorSpec.m in Sources */ = {isa = PBXBuildFile; fileRef = B94192E5156E95630074A059 /* NLTQGenCombinatorSpec.m */; };
		B94192E7156E95630074A059 /* NLTQGenCombinatorSpec.m in Sources */ = {isa = PBXBuildFile; fileRef = B94192E5156E95630074A059 /* NLTQGenCombinatorSpec.m */; };
		B970CD1A158848B000167539 /* OCUnitExample.m in Sources */ = {isa = PBXBuildFile; fileRef = B970CD19158848B000167539 /* OCUnitExample.m */; };
		B970CD1D15884AEF00167539 /* Math.m in Sources */ = {isa = PBXBuildFile; fileRef = B970CD1C15884AEF00167539 /* Math.m */; };
		B971A39B157E37A5009DE97F /* NLTQReportManagerSpec.m in Sources */ = {isa = PBXBuildFile; fileRef = B971A39A157E37A5009DE97F /* NLTQReportManagerSpec.m */; };
		B971A3B015821AB7009DE97F /* NLTQTestableSpec.m in Sources */ = {isa = PBXBuildFile; fileRef = B971A3AF15821AB7009DE97F /* NLTQTestableSpec.m */; };
		B976DA98157537690076149C /* NSNumber+Arbitrary.h in Headers */ = {isa = PBXBuildFile; fileRef = B976DA96157537690076149C /* NSNumber+Arbitrary.h */; };
		B976DA99157537690076149C /* NSNumber+Arbitrary.m in Sources */ = {isa = PBXBuildFile; fileRef = B976DA97157537690076149C /* NSNumber+Arbitrary.m */; };
		B976DA9A157537690076149C /* NSNumber+Arbitrary.m in Sources */ = {isa = PBXBuildFile; fileRef = B976DA97157537690076149C /* NSNumber+Arbitrary.m */; };
		B976DA9C157537DF0076149C /* NLTQBoolArbitrarySpec.m in Sources */ = {isa = PBXBuildFile; fileRef = B976DA9B157537DF0076149C /* NLTQBoolArbitrarySpec.m */; };
		B976DAA5157543C90076149C /* NLTQTestable.h in Headers */ = {isa = PBXBuildFile; fileRef = B976DAA3157543C80076149C /* NLTQTestable.h */; };
		B976DAA6157543C90076149C /* NLTQTestable.m in Sources */ = {isa = PBXBuildFile; fileRef = B976DAA4157543C80076149C /* NLTQTestable.m */; };
		B976DAA7157543C90076149C /* NLTQTestable.m in Sources */ = {isa = PBXBuildFile; fileRef = B976DAA4157543C80076149C /* NLTQTestable.m */; };
		B976DAAA157543D70076149C /* NLTQTestRunner.h in Headers */ = {isa = PBXBuildFile; fileRef = B976DAA8157543D50076149C /* NLTQTestRunner.h */; };
		B976DAAB157543D70076149C /* NLTQTestRunner.m in Sources */ = {isa = PBXBuildFile; fileRef = B976DAA9157543D50076149C /* NLTQTestRunner.m */; };
		B976DAAC157543D70076149C /* NLTQTestRunner.m in Sources */ = {isa = PBXBuildFile; fileRef = B976DAA9157543D50076149C /* NLTQTestRunner.m */; };
		B976DAAF157543ED0076149C /* NLTQTestCase.h in Headers */ = {isa = PBXBuildFile; fileRef = B976DAAD157543EC0076149C /* NLTQTestCase.h */; };
		B976DAB0157543ED0076149C /* NLTQTestCase.m in Sources */ = {isa = PBXBuildFile; fileRef = B976DAAE157543EC0076149C /* NLTQTestCase.m */; };
		B976DAB1157543ED0076149C /* NLTQTestCase.m in Sources */ = {isa = PBXBuildFile; fileRef = B976DAAE157543EC0076149C /* NLTQTestCase.m */; };
		B976DAB41575441D0076149C /* NLTQReport.h in Headers */ = {isa = PBXBuildFile; fileRef = B976DAB21575441C0076149C /* NLTQReport.h */; };
		B976DAB51575441D0076149C /* NLTQReport.m in Sources */ = {isa = PBXBuildFile; fileRef = B976DAB31575441C0076149C /* NLTQReport.m */; };
		B976DAB61575441D0076149C /* NLTQReport.m in Sources */ = {isa = PBXBuildFile; fileRef = B976DAB31575441C0076149C /* NLTQReport.m */; };
		B976DABE1575D03A0076149C /* NLTQReportManager.h in Headers */ = {isa = PBXBuildFile; fileRef = B976DABC1575D0390076149C /* NLTQReportManager.h */; };
		B976DABF1575D03A0076149C /* NLTQReportManager.m in Sources */ = {isa = PBXBuildFile; fileRef = B976DABD1575D0390076149C /* NLTQReportManager.m */; };
		B976DAC01575D03A0076149C /* NLTQReportManager.m in Sources */ = {isa = PBXBuildFile; fileRef = B976DABD1575D0390076149C /* NLTQReportManager.m */; };
		B976DAC71575D59E0076149C /* NLTQBlocksTestCaseSpec.m in Sources */ = {isa = PBXBuildFile; fileRef = B976DAC61575D59E0076149C /* NLTQBlocksTestCaseSpec.m */; };
		B976DACA15766D550076149C /* NLTQSelectorTestCaseTest.m in Sources */ = {isa = PBXBuildFile; fileRef = B976DAC915766D550076149C /* NLTQSelectorTestCaseTest.m */; };
		B98624F0158518FD00FDDEAC /* KiwiExampleSpec.m in Sources */ = {isa = PBXBuildFile; fileRef = B98624EF158518FD00FDDEAC /* KiwiExampleSpec.m */; };
		B9C07809157CC78F00C27314 /* NLTQTestCaseSpec.m in Sources */ = {isa = PBXBuildFile; fileRef = B9C07808157CC78F00C27314 /* NLTQTestCaseSpec.m */; };
		B9C0780C157CFD2900C27314 /* NLTQReportSpec.m in Sources */ = {isa = PBXBuildFile; fileRef = B9C0780B157CFD2900C27314 /* NLTQReportSpec.m */; };
		B9C0780E157DAACD00C27314 /* NLTQTestRunnerSpec.m in Sources */ = {isa = PBXBuildFile; fileRef = B9C0780D157DAACC00C27314 /* NLTQTestRunnerSpec.m */; };
		B9F254B5158652D600115C56 /* NSString+Arbitrary.h in Headers */ = {isa = PBXBuildFile; fileRef = B9F254B3158652D600115C56 /* NSString+Arbitrary.h */; };
		B9F254B6158652D600115C56 /* NSString+Arbitrary.m in Sources */ = {isa = PBXBuildFile; fileRef = B9F254B4158652D600115C56 /* NSString+Arbitrary.m */; };
		B9F254B7158652D600115C56 /* NSString+Arbitrary.m in Sources */ = {isa = PBXBuildFile; fileRef = B9F254B4158652D600115C56 /* NSString+Arbitrary.m */; };
		B9F254BA158654D900115C56 /* NLTQStringArbitrarySpec.m in Sources */ = {isa = PBXBuildFile; fileRef = B9F254B8158654D900115C56 /* NLTQStringArbitrarySpec.m */; };
/* End PBXBuildFile section */

/* Begin PBXContainerItemProxy section */
		B941927F1565760D0074A059 /* PBXContainerItemProxy */ = {
			isa = PBXContainerItemProxy;
			containerPortal = B94192601565760C0074A059 /* Project object */;
			proxyType = 1;
			remoteGlobalIDString = B94192681565760D0074A059;
			remoteInfo = NLTQuickCheck;
		};
/* End PBXContainerItemProxy section */

/* Begin PBXFileReference section */
		B94192691565760D0074A059 /* libNLTQuickCheck.a */ = {isa = PBXFileReference; explicitFileType = archive.ar; includeInIndex = 0; path = libNLTQuickCheck.a; sourceTree = BUILT_PRODUCTS_DIR; };
		B941926C1565760D0074A059 /* Foundation.framework */ = {isa = PBXFileReference; lastKnownFileType = wrapper.framework; name = Foundation.framework; path = System/Library/Frameworks/Foundation.framework; sourceTree = SDKROOT; };
		B94192701565760D0074A059 /* NLTQuickCheck-Prefix.pch */ = {isa = PBXFileReference; lastKnownFileType = sourcecode.c.h; path = "NLTQuickCheck-Prefix.pch"; sourceTree = "<group>"; };
		B94192711565760D0074A059 /* NLTQuickCheck.h */ = {isa = PBXFileReference; lastKnownFileType = sourcecode.c.h; path = NLTQuickCheck.h; sourceTree = "<group>"; };
		B94192791565760D0074A059 /* NLTQuickCheckTests.octest */ = {isa = PBXFileReference; explicitFileType = wrapper.cfbundle; includeInIndex = 0; path = NLTQuickCheckTests.octest; sourceTree = BUILT_PRODUCTS_DIR; };
		B941927A1565760D0074A059 /* SenTestingKit.framework */ = {isa = PBXFileReference; lastKnownFileType = wrapper.framework; name = SenTestingKit.framework; path = Library/Frameworks/SenTestingKit.framework; sourceTree = DEVELOPER_DIR; };
		B941927C1565760D0074A059 /* UIKit.framework */ = {isa = PBXFileReference; lastKnownFileType = wrapper.framework; name = UIKit.framework; path = Library/Frameworks/UIKit.framework; sourceTree = DEVELOPER_DIR; };
		B94192841565760D0074A059 /* NLTQuickCheckTests-Info.plist */ = {isa = PBXFileReference; lastKnownFileType = text.plist.xml; path = "NLTQuickCheckTests-Info.plist"; sourceTree = "<group>"; };
		B94192861565760D0074A059 /* en */ = {isa = PBXFileReference; lastKnownFileType = text.plist.strings; name = en; path = en.lproj/InfoPlist.strings; sourceTree = "<group>"; };
		B94192B7156AAC5F0074A059 /* NLTQStandradGenSpec.m */ = {isa = PBXFileReference; fileEncoding = 4; lastKnownFileType = sourcecode.c.objc; path = NLTQStandradGenSpec.m; sourceTree = "<group>"; };
		B94192B9156AAD370074A059 /* NLTQStandardGen.h */ = {isa = PBXFileReference; fileEncoding = 4; lastKnownFileType = sourcecode.c.h; path = NLTQStandardGen.h; sourceTree = "<group>"; };
		B94192BA156AAD370074A059 /* NLTQStandardGen.m */ = {isa = PBXFileReference; fileEncoding = 4; lastKnownFileType = sourcecode.c.objc; path = NLTQStandardGen.m; sourceTree = "<group>"; };
		B94192D2156C05900074A059 /* NLTQGenSpec.m */ = {isa = PBXFileReference; fileEncoding = 4; lastKnownFileType = sourcecode.c.objc; path = NLTQGenSpec.m; sourceTree = "<group>"; };
		B94192D5156C05AB0074A059 /* NLTQGen.h */ = {isa = PBXFileReference; fileEncoding = 4; lastKnownFileType = sourcecode.c.h; path = NLTQGen.h; sourceTree = "<group>"; };
		B94192D6156C05AB0074A059 /* NLTQGen.m */ = {isa = PBXFileReference; fileEncoding = 4; lastKnownFileType = sourcecode.c.objc; path = NLTQGen.m; sourceTree = "<group>"; };
		B94192E5156E95630074A059 /* NLTQGenCombinatorSpec.m */ = {isa = PBXFileReference; fileEncoding = 4; lastKnownFileType = sourcecode.c.objc; path = NLTQGenCombinatorSpec.m; sourceTree = "<group>"; };
		B970CD161588456C00167539 /* README.md */ = {isa = PBXFileReference; lastKnownFileType = text; path = README.md; sourceTree = "<group>"; };
		B970CD18158848B000167539 /* OCUnitExample.h */ = {isa = PBXFileReference; fileEncoding = 4; lastKnownFileType = sourcecode.c.h; name = OCUnitExample.h; path = Example/OCUnitExample.h; sourceTree = SOURCE_ROOT; };
		B970CD19158848B000167539 /* OCUnitExample.m */ = {isa = PBXFileReference; fileEncoding = 4; lastKnownFileType = sourcecode.c.objc; name = OCUnitExample.m; path = Example/OCUnitExample.m; sourceTree = SOURCE_ROOT; };
		B970CD1B15884AEF00167539 /* Math.h */ = {isa = PBXFileReference; fileEncoding = 4; lastKnownFileType = sourcecode.c.h; name = Math.h; path = Example/Math.h; sourceTree = SOURCE_ROOT; };
		B970CD1C15884AEF00167539 /* Math.m */ = {isa = PBXFileReference; fileEncoding = 4; lastKnownFileType = sourcecode.c.objc; name = Math.m; path = Example/Math.m; sourceTree = SOURCE_ROOT; };
		B971A39A157E37A5009DE97F /* NLTQReportManagerSpec.m */ = {isa = PBXFileReference; fileEncoding = 4; lastKnownFileType = sourcecode.c.objc; path = NLTQReportManagerSpec.m; sourceTree = "<group>"; };
		B971A3AF15821AB7009DE97F /* NLTQTestableSpec.m */ = {isa = PBXFileReference; fileEncoding = 4; lastKnownFileType = sourcecode.c.objc; path = NLTQTestableSpec.m; sourceTree = "<group>"; };
		B976DA96157537690076149C /* NSNumber+Arbitrary.h */ = {isa = PBXFileReference; fileEncoding = 4; lastKnownFileType = sourcecode.c.h; name = "NSNumber+Arbitrary.h"; path = "Arbitraries/NSNumber+Arbitrary.h"; sourceTree = "<group>"; };
		B976DA97157537690076149C /* NSNumber+Arbitrary.m */ = {isa = PBXFileReference; fileEncoding = 4; lastKnownFileType = sourcecode.c.objc; name = "NSNumber+Arbitrary.m"; path = "Arbitraries/NSNumber+Arbitrary.m"; sourceTree = "<group>"; };
		B976DA9B157537DF0076149C /* NLTQBoolArbitrarySpec.m */ = {isa = PBXFileReference; fileEncoding = 4; lastKnownFileType = sourcecode.c.objc; path = NLTQBoolArbitrarySpec.m; sourceTree = "<group>"; };
		B976DA9D157537F90076149C /* NLTQArbitrary.h */ = {isa = PBXFileReference; lastKnownFileType = sourcecode.c.h; path = NLTQArbitrary.h; sourceTree = "<group>"; };
		B976DAA3157543C80076149C /* NLTQTestable.h */ = {isa = PBXFileReference; fileEncoding = 4; lastKnownFileType = sourcecode.c.h; path = NLTQTestable.h; sourceTree = "<group>"; };
		B976DAA4157543C80076149C /* NLTQTestable.m */ = {isa = PBXFileReference; fileEncoding = 4; lastKnownFileType = sourcecode.c.objc; path = NLTQTestable.m; sourceTree = "<group>"; };
		B976DAA8157543D50076149C /* NLTQTestRunner.h */ = {isa = PBXFileReference; fileEncoding = 4; lastKnownFileType = sourcecode.c.h; path = NLTQTestRunner.h; sourceTree = "<group>"; };
		B976DAA9157543D50076149C /* NLTQTestRunner.m */ = {isa = PBXFileReference; fileEncoding = 4; lastKnownFileType = sourcecode.c.objc; path = NLTQTestRunner.m; sourceTree = "<group>"; };
		B976DAAD157543EC0076149C /* NLTQTestCase.h */ = {isa = PBXFileReference; fileEncoding = 4; lastKnownFileType = sourcecode.c.h; path = NLTQTestCase.h; sourceTree = "<group>"; };
		B976DAAE157543EC0076149C /* NLTQTestCase.m */ = {isa = PBXFileReference; fileEncoding = 4; lastKnownFileType = sourcecode.c.objc; path = NLTQTestCase.m; sourceTree = "<group>"; };
		B976DAB21575441C0076149C /* NLTQReport.h */ = {isa = PBXFileReference; fileEncoding = 4; lastKnownFileType = sourcecode.c.h; path = NLTQReport.h; sourceTree = "<group>"; };
		B976DAB31575441C0076149C /* NLTQReport.m */ = {isa = PBXFileReference; fileEncoding = 4; lastKnownFileType = sourcecode.c.objc; path = NLTQReport.m; sourceTree = "<group>"; };
		B976DABC1575D0390076149C /* NLTQReportManager.h */ = {isa = PBXFileReference; fileEncoding = 4; lastKnownFileType = sourcecode.c.h; path = NLTQReportManager.h; sourceTree = "<group>"; };
		B976DABD1575D0390076149C /* NLTQReportManager.m */ = {isa = PBXFileReference; fileEncoding = 4; lastKnownFileType = sourcecode.c.objc; path = NLTQReportManager.m; sourceTree = "<group>"; };
		B976DAC61575D59E0076149C /* NLTQBlocksTestCaseSpec.m */ = {isa = PBXFileReference; fileEncoding = 4; lastKnownFileType = sourcecode.c.objc; path = NLTQBlocksTestCaseSpec.m; sourceTree = "<group>"; };
		B976DAC915766D550076149C /* NLTQSelectorTestCaseTest.m */ = {isa = PBXFileReference; fileEncoding = 4; lastKnownFileType = sourcecode.c.objc; path = NLTQSelectorTestCaseTest.m; sourceTree = "<group>"; };
		B98624EF158518FD00FDDEAC /* KiwiExampleSpec.m */ = {isa = PBXFileReference; fileEncoding = 4; lastKnownFileType = sourcecode.c.objc; name = KiwiExampleSpec.m; path = Example/KiwiExampleSpec.m; sourceTree = SOURCE_ROOT; };
		B9C07808157CC78F00C27314 /* NLTQTestCaseSpec.m */ = {isa = PBXFileReference; fileEncoding = 4; lastKnownFileType = sourcecode.c.objc; path = NLTQTestCaseSpec.m; sourceTree = "<group>"; };
		B9C0780B157CFD2900C27314 /* NLTQReportSpec.m */ = {isa = PBXFileReference; fileEncoding = 4; lastKnownFileType = sourcecode.c.objc; path = NLTQReportSpec.m; sourceTree = "<group>"; };
		B9C0780D157DAACC00C27314 /* NLTQTestRunnerSpec.m */ = {isa = PBXFileReference; fileEncoding = 4; lastKnownFileType = sourcecode.c.objc; path = NLTQTestRunnerSpec.m; sourceTree = "<group>"; };
		B9F254B3158652D600115C56 /* NSString+Arbitrary.h */ = {isa = PBXFileReference; fileEncoding = 4; lastKnownFileType = sourcecode.c.h; name = "NSString+Arbitrary.h"; path = "Arbitraries/NSString+Arbitrary.h"; sourceTree = "<group>"; };
		B9F254B4158652D600115C56 /* NSString+Arbitrary.m */ = {isa = PBXFileReference; fileEncoding = 4; lastKnownFileType = sourcecode.c.objc; name = "NSString+Arbitrary.m"; path = "Arbitraries/NSString+Arbitrary.m"; sourceTree = "<group>"; };
		B9F254B8158654D900115C56 /* NLTQStringArbitrarySpec.m */ = {isa = PBXFileReference; fileEncoding = 4; lastKnownFileType = sourcecode.c.objc; path = NLTQStringArbitrarySpec.m; sourceTree = "<group>"; };
		CACABB68EAAE45D38A8F3AF4 /* libPods.a */ = {isa = PBXFileReference; explicitFileType = archive.ar; includeInIndex = 0; path = libPods.a; sourceTree = BUILT_PRODUCTS_DIR; };
		EB5749ADAD414AF0B31ABA9A /* Pods.xcconfig */ = {isa = PBXFileReference; lastKnownFileType = text.xcconfig; name = Pods.xcconfig; path = Pods/Pods.xcconfig; sourceTree = SOURCE_ROOT; };
/* End PBXFileReference section */

/* Begin PBXFrameworksBuildPhase section */
		B94192661565760D0074A059 /* Frameworks */ = {
			isa = PBXFrameworksBuildPhase;
			buildActionMask = 2147483647;
			files = (
				B941926D1565760D0074A059 /* Foundation.framework in Frameworks */,
				B2C517B2F09E427380ECDC75 /* libPods.a in Frameworks */,
			);
			runOnlyForDeploymentPostprocessing = 0;
		};
		B94192751565760D0074A059 /* Frameworks */ = {
			isa = PBXFrameworksBuildPhase;
			buildActionMask = 2147483647;
			files = (
				B941927B1565760D0074A059 /* SenTestingKit.framework in Frameworks */,
				B941927D1565760D0074A059 /* UIKit.framework in Frameworks */,
				B941927E1565760D0074A059 /* Foundation.framework in Frameworks */,
				5678D31741CC48F5B93C4F35 /* libPods.a in Frameworks */,
			);
			runOnlyForDeploymentPostprocessing = 0;
		};
/* End PBXFrameworksBuildPhase section */

/* Begin PBXGroup section */
		B941925E1565760C0074A059 = {
			isa = PBXGroup;
			children = (
				B941926E1565760D0074A059 /* NLTQuickCheck */,
				B94192821565760D0074A059 /* NLTQuickCheckTests */,
				B941926B1565760D0074A059 /* Frameworks */,
				B941926A1565760D0074A059 /* Products */,
				EB5749ADAD414AF0B31ABA9A /* Pods.xcconfig */,
				B970CD161588456C00167539 /* README.md */,
			);
			sourceTree = "<group>";
		};
		B941926A1565760D0074A059 /* Products */ = {
			isa = PBXGroup;
			children = (
				B94192691565760D0074A059 /* libNLTQuickCheck.a */,
				B94192791565760D0074A059 /* NLTQuickCheckTests.octest */,
			);
			name = Products;
			sourceTree = "<group>";
		};
		B941926B1565760D0074A059 /* Frameworks */ = {
			isa = PBXGroup;
			children = (
				B941926C1565760D0074A059 /* Foundation.framework */,
				B941927A1565760D0074A059 /* SenTestingKit.framework */,
				B941927C1565760D0074A059 /* UIKit.framework */,
				CACABB68EAAE45D38A8F3AF4 /* libPods.a */,
			);
			name = Frameworks;
			sourceTree = "<group>";
		};
		B941926E1565760D0074A059 /* NLTQuickCheck */ = {
			isa = PBXGroup;
			children = (
				B976DA94157537330076149C /* Arbitraries */,
				B94192711565760D0074A059 /* NLTQuickCheck.h */,
				B94192B9156AAD370074A059 /* NLTQStandardGen.h */,
				B94192BA156AAD370074A059 /* NLTQStandardGen.m */,
				B94192D5156C05AB0074A059 /* NLTQGen.h */,
				B94192D6156C05AB0074A059 /* NLTQGen.m */,
				B976DA9D157537F90076149C /* NLTQArbitrary.h */,
				B976DAA3157543C80076149C /* NLTQTestable.h */,
				B976DAA4157543C80076149C /* NLTQTestable.m */,
				B976DAA8157543D50076149C /* NLTQTestRunner.h */,
				B976DAA9157543D50076149C /* NLTQTestRunner.m */,
				B976DAAD157543EC0076149C /* NLTQTestCase.h */,
				B976DAAE157543EC0076149C /* NLTQTestCase.m */,
				B976DAB21575441C0076149C /* NLTQReport.h */,
				B976DAB31575441C0076149C /* NLTQReport.m */,
				B976DABC1575D0390076149C /* NLTQReportManager.h */,
				B976DABD1575D0390076149C /* NLTQReportManager.m */,
				B941926F1565760D0074A059 /* Supporting Files */,
			);
			path = NLTQuickCheck;
			sourceTree = "<group>";
		};
		B941926F1565760D0074A059 /* Supporting Files */ = {
			isa = PBXGroup;
			children = (
				B94192701565760D0074A059 /* NLTQuickCheck-Prefix.pch */,
			);
			name = "Supporting Files";
			sourceTree = "<group>";
		};
		B94192821565760D0074A059 /* NLTQuickCheckTests */ = {
			isa = PBXGroup;
			children = (
				B976DACB15766F400076149C /* Specs */,
				B976DACC15766F580076149C /* xUnit */,
				B971A3A4158041C1009DE97F /* Example */,
				B94192831565760D0074A059 /* Supporting Files */,
			);
			path = NLTQuickCheckTests;
			sourceTree = "<group>";
		};
		B94192831565760D0074A059 /* Supporting Files */ = {
			isa = PBXGroup;
			children = (
				B94192841565760D0074A059 /* NLTQuickCheckTests-Info.plist */,
				B94192851565760D0074A059 /* InfoPlist.strings */,
			);
			name = "Supporting Files";
			sourceTree = "<group>";
		};
		B971A3A4158041C1009DE97F /* Example */ = {
			isa = PBXGroup;
			children = (
				B971A3A5158041D1009DE97F /* BDD */,
				B971A3A9158043DB009DE97F /* xUnit */,
				B970CD1B15884AEF00167539 /* Math.h */,
				B970CD1C15884AEF00167539 /* Math.m */,
			);
			name = Example;
			sourceTree = "<group>";
		};
		B971A3A5158041D1009DE97F /* BDD */ = {
			isa = PBXGroup;
			children = (
				B98624EF158518FD00FDDEAC /* KiwiExampleSpec.m */,
			);
			name = BDD;
			sourceTree = "<group>";
		};
		B971A3A9158043DB009DE97F /* xUnit */ = {
			isa = PBXGroup;
			children = (
				B970CD18158848B000167539 /* OCUnitExample.h */,
				B970CD19158848B000167539 /* OCUnitExample.m */,
			);
			name = xUnit;
			sourceTree = "<group>";
		};
		B971A3B115821B49009DE97F /* Arbitraries */ = {
			isa = PBXGroup;
			children = (
				B976DA9B157537DF0076149C /* NLTQBoolArbitrarySpec.m */,
				B9F254B8158654D900115C56 /* NLTQStringArbitrarySpec.m */,
			);
			name = Arbitraries;
			sourceTree = "<group>";
		};
		B976DA94157537330076149C /* Arbitraries */ = {
			isa = PBXGroup;
			children = (
				B9F254B3158652D600115C56 /* NSString+Arbitrary.h */,
				B9F254B4158652D600115C56 /* NSString+Arbitrary.m */,
				B976DA96157537690076149C /* NSNumber+Arbitrary.h */,
				B976DA97157537690076149C /* NSNumber+Arbitrary.m */,
			);
			name = Arbitraries;
			sourceTree = "<group>";
		};
		B976DACB15766F400076149C /* Specs */ = {
			isa = PBXGroup;
			children = (
				B971A3B115821B49009DE97F /* Arbitraries */,
				B94192B7156AAC5F0074A059 /* NLTQStandradGenSpec.m */,
				B94192D2156C05900074A059 /* NLTQGenSpec.m */,
				B94192E5156E95630074A059 /* NLTQGenCombinatorSpec.m */,
				B971A3AF15821AB7009DE97F /* NLTQTestableSpec.m */,
				B9C0780D157DAACC00C27314 /* NLTQTestRunnerSpec.m */,
				B9C07808157CC78F00C27314 /* NLTQTestCaseSpec.m */,
				B976DAC61575D59E0076149C /* NLTQBlocksTestCaseSpec.m */,
				B9C0780B157CFD2900C27314 /* NLTQReportSpec.m */,
				B971A39A157E37A5009DE97F /* NLTQReportManagerSpec.m */,
			);
			name = Specs;
			sourceTree = "<group>";
		};
		B976DACC15766F580076149C /* xUnit */ = {
			isa = PBXGroup;
			children = (
				B976DAC915766D550076149C /* NLTQSelectorTestCaseTest.m */,
			);
			name = xUnit;
			sourceTree = "<group>";
		};
/* End PBXGroup section */

/* Begin PBXHeadersBuildPhase section */
		B94192671565760D0074A059 /* Headers */ = {
			isa = PBXHeadersBuildPhase;
			buildActionMask = 2147483647;
			files = (
				B94192BB156AAD370074A059 /* NLTQStandardGen.h in Headers */,
				B94192D7156C05AB0074A059 /* NLTQGen.h in Headers */,
				B976DA98157537690076149C /* NSNumber+Arbitrary.h in Headers */,
				B976DAA5157543C90076149C /* NLTQTestable.h in Headers */,
				B976DAAA157543D70076149C /* NLTQTestRunner.h in Headers */,
				B976DAAF157543ED0076149C /* NLTQTestCase.h in Headers */,
				B976DAB41575441D0076149C /* NLTQReport.h in Headers */,
				B976DABE1575D03A0076149C /* NLTQReportManager.h in Headers */,
				B9F254B5158652D600115C56 /* NSString+Arbitrary.h in Headers */,
			);
			runOnlyForDeploymentPostprocessing = 0;
		};
/* End PBXHeadersBuildPhase section */

/* Begin PBXNativeTarget section */
		B94192681565760D0074A059 /* NLTQuickCheck */ = {
			isa = PBXNativeTarget;
			buildConfigurationList = B941928D1565760D0074A059 /* Build configuration list for PBXNativeTarget "NLTQuickCheck" */;
			buildPhases = (
				B94192651565760D0074A059 /* Sources */,
				B94192661565760D0074A059 /* Frameworks */,
				B94192671565760D0074A059 /* Headers */,
				201881DD971442648FF6D19D /* Copy Pods Resources */,
			);
			buildRules = (
			);
			dependencies = (
			);
			name = NLTQuickCheck;
			productName = NLTQuickCheck;
			productReference = B94192691565760D0074A059 /* libNLTQuickCheck.a */;
			productType = "com.apple.product-type.library.static";
		};
		B94192781565760D0074A059 /* NLTQuickCheckTests */ = {
			isa = PBXNativeTarget;
			buildConfigurationList = B94192901565760D0074A059 /* Build configuration list for PBXNativeTarget "NLTQuickCheckTests" */;
			buildPhases = (
				B94192741565760D0074A059 /* Sources */,
				B94192751565760D0074A059 /* Frameworks */,
				B94192761565760D0074A059 /* Resources */,
				B94192771565760D0074A059 /* ShellScript */,
				201881DD971442648FF6D19D /* Copy Pods Resources */,
			);
			buildRules = (
			);
			dependencies = (
				B94192801565760D0074A059 /* PBXTargetDependency */,
			);
			name = NLTQuickCheckTests;
			productName = NLTQuickCheckTests;
			productReference = B94192791565760D0074A059 /* NLTQuickCheckTests.octest */;
			productType = "com.apple.product-type.bundle";
		};
/* End PBXNativeTarget section */

/* Begin PBXProject section */
		B94192601565760C0074A059 /* Project object */ = {
			isa = PBXProject;
			attributes = {
				LastUpgradeCheck = 0430;
			};
			buildConfigurationList = B94192631565760C0074A059 /* Build configuration list for PBXProject "NLTQuickCheck" */;
			compatibilityVersion = "Xcode 3.2";
			developmentRegion = English;
			hasScannedForEncodings = 0;
			knownRegions = (
				en,
			);
			mainGroup = B941925E1565760C0074A059;
			productRefGroup = B941926A1565760D0074A059 /* Products */;
			projectDirPath = "";
			projectRoot = "";
			targets = (
				B94192681565760D0074A059 /* NLTQuickCheck */,
				B94192781565760D0074A059 /* NLTQuickCheckTests */,
			);
		};
/* End PBXProject section */

/* Begin PBXResourcesBuildPhase section */
		B94192761565760D0074A059 /* Resources */ = {
			isa = PBXResourcesBuildPhase;
			buildActionMask = 2147483647;
			files = (
				B94192871565760D0074A059 /* InfoPlist.strings in Resources */,
			);
			runOnlyForDeploymentPostprocessing = 0;
		};
/* End PBXResourcesBuildPhase section */

/* Begin PBXShellScriptBuildPhase section */
		201881DD971442648FF6D19D /* Copy Pods Resources */ = {
			isa = PBXShellScriptBuildPhase;
			buildActionMask = 2147483647;
			files = (
			);
			inputPaths = (
			);
			name = "Copy Pods Resources";
			outputPaths = (
			);
			runOnlyForDeploymentPostprocessing = 0;
			shellPath = /bin/sh;
			shellScript = "\"${SRCROOT}/Pods/Pods-resources.sh\"\n";
		};
		B94192771565760D0074A059 /* ShellScript */ = {
			isa = PBXShellScriptBuildPhase;
			buildActionMask = 2147483647;
			files = (
			);
			inputPaths = (
			);
			outputPaths = (
			);
			runOnlyForDeploymentPostprocessing = 0;
			shellPath = /bin/sh;
			shellScript = "# Run the unit tests in this test bundle.\n\"${SYSTEM_DEVELOPER_DIR}/Tools/RunUnitTests\"\n";
		};
/* End PBXShellScriptBuildPhase section */

/* Begin PBXSourcesBuildPhase section */
		B94192651565760D0074A059 /* Sources */ = {
			isa = PBXSourcesBuildPhase;
			buildActionMask = 2147483647;
			files = (
				B94192BC156AAD370074A059 /* NLTQStandardGen.m in Sources */,
				B94192D8156C05AB0074A059 /* NLTQGen.m in Sources */,
				B94192E6156E95630074A059 /* NLTQGenCombinatorSpec.m in Sources */,
				B976DA99157537690076149C /* NSNumber+Arbitrary.m in Sources */,
				B976DAA6157543C90076149C /* NLTQTestable.m in Sources */,
				B976DAAB157543D70076149C /* NLTQTestRunner.m in Sources */,
				B976DAB0157543ED0076149C /* NLTQTestCase.m in Sources */,
				B976DAB51575441D0076149C /* NLTQReport.m in Sources */,
				B976DABF1575D03A0076149C /* NLTQReportManager.m in Sources */,
				B9F254B6158652D600115C56 /* NSString+Arbitrary.m in Sources */,
			);
			runOnlyForDeploymentPostprocessing = 0;
		};
		B94192741565760D0074A059 /* Sources */ = {
			isa = PBXSourcesBuildPhase;
			buildActionMask = 2147483647;
			files = (
				B94192B8156AAC5F0074A059 /* NLTQStandradGenSpec.m in Sources */,
				B94192BD156AAD370074A059 /* NLTQStandardGen.m in Sources */,
				B94192D4156C05900074A059 /* NLTQGenSpec.m in Sources */,
				B94192D9156C05AB0074A059 /* NLTQGen.m in Sources */,
				B94192E7156E95630074A059 /* NLTQGenCombinatorSpec.m in Sources */,
				B976DA9A157537690076149C /* NSNumber+Arbitrary.m in Sources */,
				B976DA9C157537DF0076149C /* NLTQBoolArbitrarySpec.m in Sources */,
				B976DAA7157543C90076149C /* NLTQTestable.m in Sources */,
				B976DAAC157543D70076149C /* NLTQTestRunner.m in Sources */,
				B976DAB1157543ED0076149C /* NLTQTestCase.m in Sources */,
				B976DAB61575441D0076149C /* NLTQReport.m in Sources */,
				B976DAC01575D03A0076149C /* NLTQReportManager.m in Sources */,
				B976DAC71575D59E0076149C /* NLTQBlocksTestCaseSpec.m in Sources */,
				B976DACA15766D550076149C /* NLTQSelectorTestCaseTest.m in Sources */,
				B9C07809157CC78F00C27314 /* NLTQTestCaseSpec.m in Sources */,
				B9C0780C157CFD2900C27314 /* NLTQReportSpec.m in Sources */,
				B9C0780E157DAACD00C27314 /* NLTQTestRunnerSpec.m in Sources */,
				B971A39B157E37A5009DE97F /* NLTQReportManagerSpec.m in Sources */,
				B971A3B015821AB7009DE97F /* NLTQTestableSpec.m in Sources */,
				B98624F0158518FD00FDDEAC /* KiwiExampleSpec.m in Sources */,
				B9F254B7158652D600115C56 /* NSString+Arbitrary.m in Sources */,
				B9F254BA158654D900115C56 /* NLTQStringArbitrarySpec.m in Sources */,
				B970CD1A158848B000167539 /* OCUnitExample.m in Sources */,
				B970CD1D15884AEF00167539 /* Math.m in Sources */,
			);
			runOnlyForDeploymentPostprocessing = 0;
		};
/* End PBXSourcesBuildPhase section */

/* Begin PBXTargetDependency section */
		B94192801565760D0074A059 /* PBXTargetDependency */ = {
			isa = PBXTargetDependency;
			target = B94192681565760D0074A059 /* NLTQuickCheck */;
			targetProxy = B941927F1565760D0074A059 /* PBXContainerItemProxy */;
		};
/* End PBXTargetDependency section */

/* Begin PBXVariantGroup section */
		B94192851565760D0074A059 /* InfoPlist.strings */ = {
			isa = PBXVariantGroup;
			children = (
				B94192861565760D0074A059 /* en */,
			);
			name = InfoPlist.strings;
			sourceTree = "<group>";
		};
/* End PBXVariantGroup section */

/* Begin XCBuildConfiguration section */
		B941928B1565760D0074A059 /* Debug */ = {
			isa = XCBuildConfiguration;
			buildSettings = {
				ALWAYS_SEARCH_USER_PATHS = NO;
				ARCHS = "$(ARCHS_STANDARD_32_BIT)";
				CLANG_ENABLE_OBJC_ARC = YES;
				COPY_PHASE_STRIP = NO;
				GCC_C_LANGUAGE_STANDARD = gnu99;
				GCC_DYNAMIC_NO_PIC = NO;
				GCC_OPTIMIZATION_LEVEL = 0;
				GCC_PREPROCESSOR_DEFINITIONS = (
					"DEBUG=1",
					"$(inherited)",
				);
				GCC_SYMBOLS_PRIVATE_EXTERN = NO;
				GCC_VERSION = com.apple.compilers.llvm.clang.1_0;
				GCC_WARN_ABOUT_RETURN_TYPE = YES;
				GCC_WARN_UNINITIALIZED_AUTOS = YES;
				GCC_WARN_UNUSED_VARIABLE = YES;
				IPHONEOS_DEPLOYMENT_TARGET = 5.1;
				SDKROOT = iphoneos;
			};
			name = Debug;
		};
		B941928C1565760D0074A059 /* Release */ = {
			isa = XCBuildConfiguration;
			buildSettings = {
				ALWAYS_SEARCH_USER_PATHS = NO;
				ARCHS = "$(ARCHS_STANDARD_32_BIT)";
				CLANG_ENABLE_OBJC_ARC = YES;
				COPY_PHASE_STRIP = YES;
				GCC_C_LANGUAGE_STANDARD = gnu99;
				GCC_VERSION = com.apple.compilers.llvm.clang.1_0;
				GCC_WARN_ABOUT_RETURN_TYPE = YES;
				GCC_WARN_UNINITIALIZED_AUTOS = YES;
				GCC_WARN_UNUSED_VARIABLE = YES;
				IPHONEOS_DEPLOYMENT_TARGET = 5.1;
				SDKROOT = iphoneos;
				VALIDATE_PRODUCT = YES;
			};
			name = Release;
		};
		B941928E1565760D0074A059 /* Debug */ = {
			isa = XCBuildConfiguration;
			baseConfigurationReference = EB5749ADAD414AF0B31ABA9A /* Pods.xcconfig */;
			buildSettings = {
				DSTROOT = /tmp/NLTQuickCheck.dst;
				GCC_PRECOMPILE_PREFIX_HEADER = YES;
				GCC_PREFIX_HEADER = "NLTQuickCheck/NLTQuickCheck-Prefix.pch";
				GCC_VERSION = com.apple.compilers.llvm.clang.1_0;
				OTHER_LDFLAGS = "-ObjC";
				PRODUCT_NAME = "$(TARGET_NAME)";
				SKIP_INSTALL = YES;
			};
			name = Debug;
		};
		B941928F1565760D0074A059 /* Release */ = {
			isa = XCBuildConfiguration;
			baseConfigurationReference = EB5749ADAD414AF0B31ABA9A /* Pods.xcconfig */;
			buildSettings = {
				DSTROOT = /tmp/NLTQuickCheck.dst;
				GCC_PRECOMPILE_PREFIX_HEADER = YES;
				GCC_PREFIX_HEADER = "NLTQuickCheck/NLTQuickCheck-Prefix.pch";
				GCC_VERSION = com.apple.compilers.llvm.clang.1_0;
				OTHER_LDFLAGS = "-ObjC";
				PRODUCT_NAME = "$(TARGET_NAME)";
				SKIP_INSTALL = YES;
			};
			name = Release;
		};
		B94192911565760D0074A059 /* Debug */ = {
			isa = XCBuildConfiguration;
			baseConfigurationReference = EB5749ADAD414AF0B31ABA9A /* Pods.xcconfig */;
			buildSettings = {
				DSTROOT = /tmp/xcodeproj.dst;
				FRAMEWORK_SEARCH_PATHS = (
					"$(SDKROOT)/Developer/Library/Frameworks",
					"$(DEVELOPER_LIBRARY_DIR)/Frameworks",
				);
				GCC_PRECOMPILE_PREFIX_HEADER = YES;
				GCC_PREFIX_HEADER = "NLTQuickCheck/NLTQuickCheck-Prefix.pch";
				GCC_VERSION = com.apple.compilers.llvm.clang.1_0;
				INFOPLIST_FILE = "NLTQuickCheckTests/NLTQuickCheckTests-Info.plist";
				PRODUCT_NAME = "$(TARGET_NAME)";
				SKIP_INSTALL = YES;
				WRAPPER_EXTENSION = octest;
			};
			name = Debug;
		};
		B94192921565760D0074A059 /* Release */ = {
			isa = XCBuildConfiguration;
			baseConfigurationReference = EB5749ADAD414AF0B31ABA9A /* Pods.xcconfig */;
			buildSettings = {
				DSTROOT = /tmp/xcodeproj.dst;
				FRAMEWORK_SEARCH_PATHS = (
					"$(SDKROOT)/Developer/Library/Frameworks",
					"$(DEVELOPER_LIBRARY_DIR)/Frameworks",
				);
				GCC_PRECOMPILE_PREFIX_HEADER = YES;
				GCC_PREFIX_HEADER = "NLTQuickCheck/NLTQuickCheck-Prefix.pch";
				GCC_VERSION = com.apple.compilers.llvm.clang.1_0;
				INFOPLIST_FILE = "NLTQuickCheckTests/NLTQuickCheckTests-Info.plist";
				PRODUCT_NAME = "$(TARGET_NAME)";
				SKIP_INSTALL = YES;
				WRAPPER_EXTENSION = octest;
			};
			name = Release;
		};
/* End XCBuildConfiguration section */

/* Begin XCConfigurationList section */
		B94192631565760C0074A059 /* Build configuration list for PBXProject "NLTQuickCheck" */ = {
			isa = XCConfigurationList;
			buildConfigurations = (
				B941928B1565760D0074A059 /* Debug */,
				B941928C1565760D0074A059 /* Release */,
			);
			defaultConfigurationIsVisible = 0;
			defaultConfigurationName = Release;
		};
		B941928D1565760D0074A059 /* Build configuration list for PBXNativeTarget "NLTQuickCheck" */ = {
			isa = XCConfigurationList;
			buildConfigurations = (
				B941928E1565760D0074A059 /* Debug */,
				B941928F1565760D0074A059 /* Release */,
			);
			defaultConfigurationIsVisible = 0;
			defaultConfigurationName = Release;
		};
		B94192901565760D0074A059 /* Build configuration list for PBXNativeTarget "NLTQuickCheckTests" */ = {
			isa = XCConfigurationList;
			buildConfigurations = (
				B94192911565760D0074A059 /* Debug */,
				B94192921565760D0074A059 /* Release */,
			);
			defaultConfigurationIsVisible = 0;
			defaultConfigurationName = Release;
		};
/* End XCConfigurationList section */
	};
	rootObject = B94192601565760C0074A059 /* Project object */;
}
